
Microsoft Visual Studio Solution File, Format Version 12.00
# Visual Studio 15
VisualStudioVersion = 15.0.27004.2002
MinimumVisualStudioVersion = 10.0.40219.1
Project("{FAE04EC0-301F-11D3-BF4B-00C04F79EFBC}") = "FirstDemoWebsite", "FirstDemoWebsite\FirstDemoWebsite.csproj", "{C9F3E023-5AA7-4A37-AE05-6852BE515876}"
EndProject
Global
	GlobalSection(SolutionConfigurationPlatforms) = preSolution
		Debug|Any CPU = Debug|Any CPU
		Release|Any CPU = Release|Any CPU
	EndGlobalSection
	GlobalSection(ProjectConfigurationPlatforms) = postSolution
		{C9F3E023-5AA7-4A37-AE05-6852BE515876}.Debug|Any CPU.ActiveCfg = Debug|Any CPU
		{C9F3E023-5AA7-4A37-AE05-6852BE515876}.Debug|Any CPU.Build.0 = Debug|Any CPU
		{C9F3E023-5AA7-4A37-AE05-6852BE515876}.Release|Any CPU.ActiveCfg = Release|Any CPU
		{C9F3E023-5AA7-4A37-AE05-6852BE515876}.Release|Any CPU.Build.0 = Release|Any CPU
	EndGlobalSection
	GlobalSection(SolutionProperties) = preSolution
		HideSolutionNode = FALSE
	EndGlobalSection
	GlobalSection(ExtensibilityGlobals) = postSolution
		SolutionGuid = {39A7E495-1D3C-4330-B8A9-03EEBF898141}
	EndGlobalSection
EndGlobal
